
Microsoft Visual Studio Solution File, Format Version 12.00
# Visual Studio Version 16
VisualStudioVersion = 16.0.29806.167
MinimumVisualStudioVersion = 10.0.40219.1
Project("{FAE04EC0-301F-11D3-BF4B-00C04F79EFBC}") = "Active Directory", "Active Directory\Active Directory.csproj", "{9EB0AC54-AB4A-4419-A4CA-A2213D06D442}"
EndProject
Global
	GlobalSection(SolutionConfigurationPlatforms) = preSolution
		Debug|Any CPU = Debug|Any CPU
		Release|Any CPU = Release|Any CPU
	EndGlobalSection
	GlobalSection(ProjectConfigurationPlatforms) = postSolution
		{9EB0AC54-AB4A-4419-A4CA-A2213D06D442}.Debug|Any CPU.ActiveCfg = Debug|Any CPU
		{9EB0AC54-AB4A-4419-A4CA-A2213D06D442}.Debug|Any CPU.Build.0 = Debug|Any CPU
		{9EB0AC54-AB4A-4419-A4CA-A2213D06D442}.Release|Any CPU.ActiveCfg = Release|Any CPU
		{9EB0AC54-AB4A-4419-A4CA-A2213D06D442}.Release|Any CPU.Build.0 = Release|Any CPU
	EndGlobalSection
	GlobalSection(SolutionProperties) = preSolution
		HideSolutionNode = FALSE
	EndGlobalSection
	GlobalSection(ExtensibilityGlobals) = postSolution
		SolutionGuid = {9575D808-EF71-4AFD-B19F-705CCC436750}
	EndGlobalSection
EndGlobal
